{
  "pins" : [
    {
      "identity" : "swiftdata-transferrable",
      "kind" : "remoteSourceControl",
      "location" : "https://github.com/Whiffer/swiftdata-transferrable",
      "state" : {
        "revision" : "6aff9acc43b03e513627d3bd6a9748fb9c15f295",
        "version" : "2.0.0"
      }
    }
  ],
  "version" : 2
}
