{
  "originHash" : "1dd746256f4cfddc1042ecbc5880b9d0ff5dc0fa2453fa3fc1686cec8bba6fc1",
  "pins" : [
    {
      "identity" : "swiftdata-transferrable",
      "kind" : "remoteSourceControl",
      "location" : "https://github.com/Whiffer/swiftdata-transferrable",
      "state" : {
        "revision" : "65ee686b88777d5cf186945b78e429f0a0de9fbe",
        "version" : "3.0.0"
      }
    }
  ],
  "version" : 3
}
