{
  "pins" : [
    {
      "identity" : "swiftdata-transferrable",
      "kind" : "remoteSourceControl",
      "location" : "https://github.com/Whiffer/swiftdata-transferrable",
      "state" : {
        "revision" : "f4fad569c3f9a48eea58db3e82b7b8488a58cd63",
        "version" : "1.0.0"
      }
    }
  ],
  "version" : 2
}
